{
  "name": "@trycourier/react-hooks",
  "version": "1.14.2",
  "lockfileVersion": 1,
  "requires": true,
  "dependencies": {
    "@types/deep-extend": {
      "version": "0.4.32",
      "resolved": "https://registry.npmjs.org/@types/deep-extend/-/deep-extend-0.4.32.tgz",
      "integrity": "sha512-7/pcMJr5I5OnpWTTfv0o3fJ9+f36EqoQa27/oJlbfvfZAMMrPyU5/+AUC+5OOtTEKdyoW4lAeIBYHtodtEdNUA==",
      "dev": true
    }
  }
}
